
Microsoft Visual Studio Solution File, Format Version 12.00
# Visual Studio Version 18
VisualStudioVersion = 18.0.11217.181
MinimumVisualStudioVersion = 10.0.40219.1
Project("{9A19103F-16F7-4668-BE54-9A1E7A4F7556}") = "Broadcast", "src\Broadcast\Broadcast.csproj", "{88E7BB4F-B2BD-4BB9-99D2-66CDDD7095DA}"
EndProject
Project("{2150E333-8FDC-42A3-9474-1A3956D46DE8}") = "Solution Items", "Solution Items", "{53B44314-11C7-4CC3-9362-FB57518135E6}"
	ProjectSection(SolutionItems) = preProject
		.gitattributes = .gitattributes
		.gitignore = .gitignore
		appveyor.yml = appveyor.yml
		src\Broadcast.snk = src\Broadcast.snk
		.github\workflows\build.yml = .github\workflows\build.yml
		License.txt = License.txt
		README.md = README.md
		sonar-project.properties = sonar-project.properties
	EndProjectSection
EndProject
Project("{2150E333-8FDC-42A3-9474-1A3956D46DE8}") = "Tests", "Tests", "{7B8E8745-88B2-4319-884D-556F587570DC}"
EndProject
Project("{9A19103F-16F7-4668-BE54-9A1E7A4F7556}") = "Broadcast.Console.TestApp", "src\Tests\Broadcast.Console.TestApp\Broadcast.Console.TestApp.csproj", "{D8F923B8-220A-41C1-9E5E-BDDEC71EA0BF}"
EndProject
Project("{9A19103F-16F7-4668-BE54-9A1E7A4F7556}") = "Broadcast.Test", "src\Tests\Broadcast.Test\Broadcast.Test.csproj", "{5F4A862D-AD7C-4C5B-83FA-A920ACB8479A}"
EndProject
Project("{2150E333-8FDC-42A3-9474-1A3956D46DE8}") = "Samples", "Samples", "{18910F76-F1A5-43F3-9284-EFEC491C8C52}"
EndProject
Project("{FAE04EC0-301F-11D3-BF4B-00C04F79EFBC}") = "Broadcast.Web.TestApp", "src\TestClients\Broadcast.Web.TestApp\Broadcast.Web.TestApp.csproj", "{B8600DEA-718C-453C-B56A-62BC8FCD35E2}"
EndProject
Project("{FAE04EC0-301F-11D3-BF4B-00C04F79EFBC}") = "Broadcast.Integration.Test", "src\Tests\Broadcast.Integration.Test\Broadcast.Integration.Test.csproj", "{8F24F4F4-B44C-23BC-A6DD-AE4281F10C25}"
EndProject
Global
	GlobalSection(SolutionConfigurationPlatforms) = preSolution
		Debug|Any CPU = Debug|Any CPU
		NetCore|Any CPU = NetCore|Any CPU
		Release|Any CPU = Release|Any CPU
	EndGlobalSection
	GlobalSection(ProjectConfigurationPlatforms) = postSolution
		{88E7BB4F-B2BD-4BB9-99D2-66CDDD7095DA}.Debug|Any CPU.ActiveCfg = Debug|Any CPU
		{88E7BB4F-B2BD-4BB9-99D2-66CDDD7095DA}.Debug|Any CPU.Build.0 = Debug|Any CPU
		{88E7BB4F-B2BD-4BB9-99D2-66CDDD7095DA}.NetCore|Any CPU.ActiveCfg = NetCore|Any CPU
		{88E7BB4F-B2BD-4BB9-99D2-66CDDD7095DA}.NetCore|Any CPU.Build.0 = NetCore|Any CPU
		{88E7BB4F-B2BD-4BB9-99D2-66CDDD7095DA}.Release|Any CPU.ActiveCfg = Release|Any CPU
		{88E7BB4F-B2BD-4BB9-99D2-66CDDD7095DA}.Release|Any CPU.Build.0 = Release|Any CPU
		{D8F923B8-220A-41C1-9E5E-BDDEC71EA0BF}.Debug|Any CPU.ActiveCfg = Debug|Any CPU
		{D8F923B8-220A-41C1-9E5E-BDDEC71EA0BF}.Debug|Any CPU.Build.0 = Debug|Any CPU
		{D8F923B8-220A-41C1-9E5E-BDDEC71EA0BF}.NetCore|Any CPU.ActiveCfg = NetCore|Any CPU
		{D8F923B8-220A-41C1-9E5E-BDDEC71EA0BF}.NetCore|Any CPU.Build.0 = NetCore|Any CPU
		{D8F923B8-220A-41C1-9E5E-BDDEC71EA0BF}.Release|Any CPU.ActiveCfg = Release|Any CPU
		{D8F923B8-220A-41C1-9E5E-BDDEC71EA0BF}.Release|Any CPU.Build.0 = Release|Any CPU
		{5F4A862D-AD7C-4C5B-83FA-A920ACB8479A}.Debug|Any CPU.ActiveCfg = Debug|Any CPU
		{5F4A862D-AD7C-4C5B-83FA-A920ACB8479A}.Debug|Any CPU.Build.0 = Debug|Any CPU
		{5F4A862D-AD7C-4C5B-83FA-A920ACB8479A}.NetCore|Any CPU.ActiveCfg = NetCore|Any CPU
		{5F4A862D-AD7C-4C5B-83FA-A920ACB8479A}.NetCore|Any CPU.Build.0 = NetCore|Any CPU
		{5F4A862D-AD7C-4C5B-83FA-A920ACB8479A}.Release|Any CPU.ActiveCfg = Release|Any CPU
		{5F4A862D-AD7C-4C5B-83FA-A920ACB8479A}.Release|Any CPU.Build.0 = Release|Any CPU
		{B8600DEA-718C-453C-B56A-62BC8FCD35E2}.Debug|Any CPU.ActiveCfg = Debug|Any CPU
		{B8600DEA-718C-453C-B56A-62BC8FCD35E2}.Debug|Any CPU.Build.0 = Debug|Any CPU
		{B8600DEA-718C-453C-B56A-62BC8FCD35E2}.NetCore|Any CPU.ActiveCfg = Debug|Any CPU
		{B8600DEA-718C-453C-B56A-62BC8FCD35E2}.NetCore|Any CPU.Build.0 = Debug|Any CPU
		{B8600DEA-718C-453C-B56A-62BC8FCD35E2}.Release|Any CPU.ActiveCfg = Release|Any CPU
		{B8600DEA-718C-453C-B56A-62BC8FCD35E2}.Release|Any CPU.Build.0 = Release|Any CPU
		{8F24F4F4-B44C-23BC-A6DD-AE4281F10C25}.Debug|Any CPU.ActiveCfg = Debug|Any CPU
		{8F24F4F4-B44C-23BC-A6DD-AE4281F10C25}.Debug|Any CPU.Build.0 = Debug|Any CPU
		{8F24F4F4-B44C-23BC-A6DD-AE4281F10C25}.NetCore|Any CPU.ActiveCfg = NetCore|Any CPU
		{8F24F4F4-B44C-23BC-A6DD-AE4281F10C25}.NetCore|Any CPU.Build.0 = NetCore|Any CPU
		{8F24F4F4-B44C-23BC-A6DD-AE4281F10C25}.Release|Any CPU.ActiveCfg = Release|Any CPU
		{8F24F4F4-B44C-23BC-A6DD-AE4281F10C25}.Release|Any CPU.Build.0 = Release|Any CPU
	EndGlobalSection
	GlobalSection(SolutionProperties) = preSolution
		HideSolutionNode = FALSE
	EndGlobalSection
	GlobalSection(NestedProjects) = preSolution
		{D8F923B8-220A-41C1-9E5E-BDDEC71EA0BF} = {18910F76-F1A5-43F3-9284-EFEC491C8C52}
		{5F4A862D-AD7C-4C5B-83FA-A920ACB8479A} = {7B8E8745-88B2-4319-884D-556F587570DC}
		{B8600DEA-718C-453C-B56A-62BC8FCD35E2} = {18910F76-F1A5-43F3-9284-EFEC491C8C52}
		{8F24F4F4-B44C-23BC-A6DD-AE4281F10C25} = {7B8E8745-88B2-4319-884D-556F587570DC}
	EndGlobalSection
	GlobalSection(ExtensibilityGlobals) = postSolution
		SolutionGuid = {D51F4967-993D-46CE-9ABE-2E6FBFF95E80}
	EndGlobalSection
EndGlobal
