
Microsoft Visual Studio Solution File, Format Version 12.00
# Visual Studio 2013
VisualStudioVersion = 12.0.30110.0
MinimumVisualStudioVersion = 10.0.40219.1
Project("{FAE04EC0-301F-11D3-BF4B-00C04F79EFBC}") = "Broadcast", "src\Broadcast\Broadcast.csproj", "{2BB556CC-34C7-4865-BD22-16B3F56A1615}"
EndProject
Project("{2150E333-8FDC-42A3-9474-1A3956D46DE8}") = "Tests", "Tests", "{4081F6CA-5A71-4973-A52F-AA66EF8A1080}"
EndProject
Project("{FAE04EC0-301F-11D3-BF4B-00C04F79EFBC}") = "Broadcast.Test", "src\Tests\Broadcast.Test\Broadcast.Test.csproj", "{31C290E7-C82E-42C4-94A0-DF040F61B259}"
EndProject
Project("{2150E333-8FDC-42A3-9474-1A3956D46DE8}") = "Solution Items", "Solution Items", "{EF083BFC-B422-49E6-A20D-04882A08593B}"
	ProjectSection(SolutionItems) = preProject
		src\Broadcast.nuspec = src\Broadcast.nuspec
	EndProjectSection
EndProject
Project("{FAE04EC0-301F-11D3-BF4B-00C04F79EFBC}") = "Broadcast.Console.Test", "src\Tests\Broadcast.Console.Test\Broadcast.Console.Test.csproj", "{210CE9E2-7150-41E1-A712-A9808488ABDA}"
EndProject
Global
	GlobalSection(SolutionConfigurationPlatforms) = preSolution
		Debug|Any CPU = Debug|Any CPU
		Release|Any CPU = Release|Any CPU
	EndGlobalSection
	GlobalSection(ProjectConfigurationPlatforms) = postSolution
		{2BB556CC-34C7-4865-BD22-16B3F56A1615}.Debug|Any CPU.ActiveCfg = Debug|Any CPU
		{2BB556CC-34C7-4865-BD22-16B3F56A1615}.Debug|Any CPU.Build.0 = Debug|Any CPU
		{2BB556CC-34C7-4865-BD22-16B3F56A1615}.Release|Any CPU.ActiveCfg = Release|Any CPU
		{2BB556CC-34C7-4865-BD22-16B3F56A1615}.Release|Any CPU.Build.0 = Release|Any CPU
		{31C290E7-C82E-42C4-94A0-DF040F61B259}.Debug|Any CPU.ActiveCfg = Debug|Any CPU
		{31C290E7-C82E-42C4-94A0-DF040F61B259}.Debug|Any CPU.Build.0 = Debug|Any CPU
		{31C290E7-C82E-42C4-94A0-DF040F61B259}.Release|Any CPU.ActiveCfg = Release|Any CPU
		{31C290E7-C82E-42C4-94A0-DF040F61B259}.Release|Any CPU.Build.0 = Release|Any CPU
		{210CE9E2-7150-41E1-A712-A9808488ABDA}.Debug|Any CPU.ActiveCfg = Debug|Any CPU
		{210CE9E2-7150-41E1-A712-A9808488ABDA}.Debug|Any CPU.Build.0 = Debug|Any CPU
		{210CE9E2-7150-41E1-A712-A9808488ABDA}.Release|Any CPU.ActiveCfg = Release|Any CPU
		{210CE9E2-7150-41E1-A712-A9808488ABDA}.Release|Any CPU.Build.0 = Release|Any CPU
	EndGlobalSection
	GlobalSection(SolutionProperties) = preSolution
		HideSolutionNode = FALSE
	EndGlobalSection
	GlobalSection(NestedProjects) = preSolution
		{31C290E7-C82E-42C4-94A0-DF040F61B259} = {4081F6CA-5A71-4973-A52F-AA66EF8A1080}
		{210CE9E2-7150-41E1-A712-A9808488ABDA} = {4081F6CA-5A71-4973-A52F-AA66EF8A1080}
		{4081F6CA-5A71-4973-A52F-AA66EF8A1080} = {EF083BFC-B422-49E6-A20D-04882A08593B}
	EndGlobalSection
EndGlobal
